
Microsoft Visual Studio Solution File, Format Version 12.00
# Visual Studio Version 16
VisualStudioVersion = 16.0.32002.261
MinimumVisualStudioVersion = 10.0.40219.1
Project("{FAE04EC0-301F-11D3-BF4B-00C04F79EFBC}") = "BakırKalaycı", "BakırKalaycı\BakırKalaycı.csproj", "{6CC740A8-5EC3-4B12-AB16-4976EF051007}"
EndProject
Global
	GlobalSection(SolutionConfigurationPlatforms) = preSolution
		Debug|Any CPU = Debug|Any CPU
		Release|Any CPU = Release|Any CPU
	EndGlobalSection
	GlobalSection(ProjectConfigurationPlatforms) = postSolution
		{6CC740A8-5EC3-4B12-AB16-4976EF051007}.Debug|Any CPU.ActiveCfg = Debug|Any CPU
		{6CC740A8-5EC3-4B12-AB16-4976EF051007}.Debug|Any CPU.Build.0 = Debug|Any CPU
		{6CC740A8-5EC3-4B12-AB16-4976EF051007}.Release|Any CPU.ActiveCfg = Release|Any CPU
		{6CC740A8-5EC3-4B12-AB16-4976EF051007}.Release|Any CPU.Build.0 = Release|Any CPU
	EndGlobalSection
	GlobalSection(SolutionProperties) = preSolution
		HideSolutionNode = FALSE
	EndGlobalSection
	GlobalSection(ExtensibilityGlobals) = postSolution
		SolutionGuid = {B6CEFC9F-6D0C-4B7D-8805-EA48164ED66F}
	EndGlobalSection
EndGlobal
